# Generated by pub
# See https://dart.dev/tools/pub/glossary#lockfile
packages:
  args:
    dependency: transitive
    description:
      name: args
      sha256: b003c3098049a51720352d219b0bb5f219b60fbfb68e7a4748139a06a5676515
      url: "https://pub.dev"
    source: hosted
    version: "2.3.1"
  async:
    dependency: transitive
    description:
      name: async
      sha256: bfe67ef28df125b7dddcea62755991f807aa39a2492a23e1550161692950bbe0
      url: "https://pub.dev"
    source: hosted
    version: "2.10.0"
  boolean_selector:
    dependency: transitive
    description:
      name: boolean_selector
      sha256: "6cfb5af12253eaf2b368f07bacc5a80d1301a071c73360d746b7f2e32d762c66"
      url: "https://pub.dev"
    source: hosted
    version: "2.1.1"
  characters:
    dependency: transitive
    description:
      name: characters
      sha256: e6a326c8af69605aec75ed6c187d06b349707a27fbff8222ca9cc2cff167975c
      url: "https://pub.dev"
    source: hosted
    version: "1.2.1"
  clock:
    dependency: transitive
    description:
      name: clock
      sha256: cb6d7f03e1de671e34607e909a7213e31d7752be4fb66a86d29fe1eb14bfb5cf
      url: "https://pub.dev"
    source: hosted
    version: "1.1.1"
  cloud_firestore:
    dependency: "direct main"
    description:
      name: cloud_firestore
      sha256: "0405c92c7e131a76700a489b2ee2cce8bd4d75b7c19d94f2f32f6a5a850d4291"
      url: "https://pub.dev"
    source: hosted
    version: "3.4.8"
  cloud_firestore_platform_interface:
    dependency: transitive
    description:
      name: cloud_firestore_platform_interface
      sha256: "0fdb431954a4d95e0b2f461982f50a2742526934ba399039e8a47733595e1cec"
      url: "https://pub.dev"
    source: hosted
    version: "5.7.4"
  cloud_firestore_web:
    dependency: transitive
    description:
      name: cloud_firestore_web
      sha256: "4b71c1ade1def7d036996885574746432f6a028bee3270037ed4f54ca70542c9"
      url: "https://pub.dev"
    source: hosted
    version: "2.8.7"
  collection:
    dependency: transitive
    description:
      name: collection
      sha256: cfc915e6923fe5ce6e153b0723c753045de46de1b4d63771530504004a45fae0
      url: "https://pub.dev"
    source: hosted
    version: "1.17.0"
  cross_file:
    dependency: transitive
    description:
      name: cross_file
      sha256: f71079978789bc2fe78d79227f1f8cfe195b31bbd8db2399b0d15a4b96fb843b
      url: "https://pub.dev"
    source: hosted
    version: "0.3.3+2"
  curved_navigation_bar:
    dependency: "direct main"
    description:
      name: curved_navigation_bar
      sha256: ea6412d00c5d83501bbf1cf9d1ac2ff11a20fbaf910c103c95ace7de82910334
      url: "https://pub.dev"
    source: hosted
    version: "1.0.3"
  dbus:
    dependency: transitive
    description:
      name: dbus
      sha256: "4f814fc7e73057f78f307a6c4714fe2ffb4bdb994ab1970540a068ec4d5a45be"
      url: "https://pub.dev"
    source: hosted
    version: "0.7.3"
  fake_async:
    dependency: transitive
    description:
      name: fake_async
      sha256: "511392330127add0b769b75a987850d136345d9227c6b94c96a04cf4a391bf78"
      url: "https://pub.dev"
    source: hosted
    version: "1.3.1"
  ffi:
    dependency: transitive
    description:
      name: ffi
      sha256: "13a6ccf6a459a125b3fcdb6ec73bd5ff90822e071207c663bfd1f70062d51d18"
      url: "https://pub.dev"
    source: hosted
    version: "1.2.1"
  file:
    dependency: transitive
    description:
      name: file
      sha256: "1b92bec4fc2a72f59a8e15af5f52cd441e4a7860b49499d69dfa817af20e925d"
      url: "https://pub.dev"
    source: hosted
    version: "6.1.4"
  firebase_auth:
    dependency: "direct main"
    description:
      name: firebase_auth
      sha256: ea6afdf6e617e02522efdc398baae982f2531f72e564e12ae6377a08c5fc59fe
      url: "https://pub.dev"
    source: hosted
    version: "3.3.18"
  firebase_auth_platform_interface:
    dependency: transitive
    description:
      name: firebase_auth_platform_interface
      sha256: "98917b36412954791e9d347c4cf111ca97408c9610bd6c3746f25265d7a2068a"
      url: "https://pub.dev"
    source: hosted
    version: "6.3.2"
  firebase_auth_web:
    dependency: transitive
    description:
      name: firebase_auth_web
      sha256: "2569fb466a015fe944dd71927f8ddc09fc11a577dc45a480cc68ac1cee9930a4"
      url: "https://pub.dev"
    source: hosted
    version: "3.3.19"
  firebase_core:
    dependency: "direct main"
    description:
      name: firebase_core
      sha256: d3d3ad91edf5a7e825be325b2ab247221928e559b8c2ddad56d5dd724acc7081
      url: "https://pub.dev"
    source: hosted
    version: "1.22.0"
  firebase_core_platform_interface:
    dependency: transitive
    description:
      name: firebase_core_platform_interface
      sha256: b51257a8b4388565cd66062d727d3e60067b5f5cc3390eb0ecd20b8f97741bdb
      url: "https://pub.dev"
    source: hosted
    version: "4.5.1"
  firebase_core_web:
    dependency: transitive
    description:
      name: firebase_core_web
      sha256: "26f5ed9c1eb209464ef77c0da41f3273e713f63d7d96bf8b40f0d614c99f0389"
      url: "https://pub.dev"
    source: hosted
    version: "1.7.2"
  firebase_messaging:
    dependency: "direct main"
    description:
      name: firebase_messaging
      sha256: "8ecfc8d0e86054b4cecfb84c23e6f179baa1b48b2add69a1b2a121fe2e963fa8"
      url: "https://pub.dev"
    source: hosted
    version: "13.0.3"
  firebase_messaging_platform_interface:
    dependency: transitive
    description:
      name: firebase_messaging_platform_interface
      sha256: "4627d987700a26ec69e3d5b5d5895530cfe99f709eefa63d17affc1868fd5c17"
      url: "https://pub.dev"
    source: hosted
    version: "4.1.5"
  firebase_messaging_web:
    dependency: transitive
    description:
      name: firebase_messaging_web
      sha256: "183799a308a719acaa99ff223d59b1890c18c6fe64ad047632ad15014dfd22eb"
      url: "https://pub.dev"
    source: hosted
    version: "3.1.5"
  firebase_storage:
    dependency: "direct main"
    description:
      name: firebase_storage
      sha256: "0e5543af7776e159cc3c64dcf7c2b6f02285f9dd8b7c75983450b84eaacc3216"
      url: "https://pub.dev"
    source: hosted
    version: "10.3.8"
  firebase_storage_platform_interface:
    dependency: transitive
    description:
      name: firebase_storage_platform_interface
      sha256: f4950bbfe2580403dcea6de987b672c6aded39cb3e75b450e2a21b4d208e00b1
      url: "https://pub.dev"
    source: hosted
    version: "4.1.16"
  firebase_storage_web:
    dependency: transitive
    description:
      name: firebase_storage_web
      sha256: "530554fa0070339b1acb03acadb3342975d83491443220ca44a384e9d2f646d0"
      url: "https://pub.dev"
    source: hosted
    version: "3.3.6"
  flutter:
    dependency: "direct main"
    description: flutter
    source: sdk
    version: "0.0.0"
  flutter_lints:
    dependency: "direct dev"
    description:
      name: flutter_lints
      sha256: b543301ad291598523947dc534aaddc5aaad597b709d2426d3a0e0d44c5cb493
      url: "https://pub.dev"
    source: hosted
    version: "1.0.4"
  flutter_local_notifications:
    dependency: "direct main"
    description:
      name: flutter_local_notifications
      sha256: "938451ba81192c377e311aced9e24b63dc0f9013536195bfb82837317c57b56e"
      url: "https://pub.dev"
    source: hosted
    version: "11.0.1"
  flutter_local_notifications_linux:
    dependency: transitive
    description:
      name: flutter_local_notifications_linux
      sha256: "6af440e3962eeab8459602c309d7d4ab9e62f05d5cfe58195a28f846a0b5d523"
      url: "https://pub.dev"
    source: hosted
    version: "1.0.0"
  flutter_local_notifications_platform_interface:
    dependency: transitive
    description:
      name: flutter_local_notifications_platform_interface
      sha256: "5ec1feac5f7f7d9266759488bc5f76416152baba9aa1b26fe572246caa00d1ab"
      url: "https://pub.dev"
    source: hosted
    version: "6.0.0"
  flutter_plugin_android_lifecycle:
    dependency: transitive
    description:
      name: flutter_plugin_android_lifecycle
      sha256: "60fc7b78455b94e6de2333d2f95196d32cf5c22f4b0b0520a628804cb463503b"
      url: "https://pub.dev"
    source: hosted
    version: "2.0.7"
  flutter_test:
    dependency: "direct dev"
    description: flutter
    source: sdk
    version: "0.0.0"
  flutter_web_plugins:
    dependency: transitive
    description: flutter
    source: sdk
    version: "0.0.0"
  fluttertoast:
    dependency: "direct main"
    description:
      name: fluttertoast
      sha256: b528e78a4e69957bb8a33d9e8ceaa728801bb7c6ce599e811e49cf6d94d17fef
      url: "https://pub.dev"
    source: hosted
    version: "8.0.9"
  getwidget:
    dependency: "direct main"
    description:
      name: getwidget
      sha256: d97c08d2cc8f2456bb8b28e34931879b1c5da6545453f3d64b7bebd70b7abfcf
      url: "https://pub.dev"
    source: hosted
    version: "3.0.1"
  http:
    dependency: transitive
    description:
      name: http
      sha256: "6aa2946395183537c8b880962d935877325d6a09a2867c3970c05c0fed6ac482"
      url: "https://pub.dev"
    source: hosted
    version: "0.13.5"
  http_parser:
    dependency: transitive
    description:
      name: http_parser
      sha256: db3060f22889f3d9d55f6a217565486737037eec3609f7f3eca4d0c67ee0d8a0
      url: "https://pub.dev"
    source: hosted
    version: "4.0.1"
  image_picker:
    dependency: "direct main"
    description:
      name: image_picker
      sha256: f3712cd190227fb92e0960cb0ce22928ba042c7183b16864ade83b259adf8ea6
      url: "https://pub.dev"
    source: hosted
    version: "0.8.5+3"
  image_picker_android:
    dependency: transitive
    description:
      name: image_picker_android
      sha256: "822f71a53336bf1e638dbf955047080ca49ba0197f52c4fece9cf584c368648a"
      url: "https://pub.dev"
    source: hosted
    version: "0.8.5+3"
  image_picker_for_web:
    dependency: transitive
    description:
      name: image_picker_for_web
      sha256: "60f306ffbdcada4bc8b2691acc420258a1b758e102c87c4f94fb568d640f0e0e"
      url: "https://pub.dev"
    source: hosted
    version: "2.1.8"
  image_picker_ios:
    dependency: transitive
    description:
      name: image_picker_ios
      sha256: "6ad501265cc47dbbf78620656edf505088fdea644c7b905a72790c3c7e92b508"
      url: "https://pub.dev"
    source: hosted
    version: "0.8.6"
  image_picker_platform_interface:
    dependency: transitive
    description:
      name: image_picker_platform_interface
      sha256: cedb2650709f066ee83fd65a1d99b6ff33e5adf98cea376426dd33c2b22bf6ad
      url: "https://pub.dev"
    source: hosted
    version: "2.6.1"
  intl:
    dependency: "direct main"
    description:
      name: intl
      sha256: "910f85bce16fb5c6f614e117efa303e85a1731bb0081edf3604a2ae6e9a3cc91"
      url: "https://pub.dev"
    source: hosted
    version: "0.17.0"
  js:
    dependency: transitive
    description:
      name: js
      sha256: "5528c2f391ededb7775ec1daa69e65a2d61276f7552de2b5f7b8d34ee9fd4ab7"
      url: "https://pub.dev"
    source: hosted
    version: "0.6.5"
  lints:
    dependency: transitive
    description:
      name: lints
      sha256: a2c3d198cb5ea2e179926622d433331d8b58374ab8f29cdda6e863bd62fd369c
      url: "https://pub.dev"
    source: hosted
    version: "1.0.1"
  matcher:
    dependency: transitive
    description:
      name: matcher
      sha256: "16db949ceee371e9b99d22f88fa3a73c4e59fd0afed0bd25fc336eb76c198b72"
      url: "https://pub.dev"
    source: hosted
    version: "0.12.13"
  material_color_utilities:
    dependency: transitive
    description:
      name: material_color_utilities
      sha256: d92141dc6fe1dad30722f9aa826c7fbc896d021d792f80678280601aff8cf724
      url: "https://pub.dev"
    source: hosted
    version: "0.2.0"
  meta:
    dependency: transitive
    description:
      name: meta
      sha256: "6c268b42ed578a53088d834796959e4a1814b5e9e164f147f580a386e5decf42"
      url: "https://pub.dev"
    source: hosted
    version: "1.8.0"
  otp_text_field:
    dependency: "direct main"
    description:
      name: otp_text_field
      sha256: "340b1ed135e1abe9fac0aaebe1c4e48147d95a3e29ecb03ae45ad63a7c28d65d"
      url: "https://pub.dev"
    source: hosted
    version: "1.1.3"
  path:
    dependency: transitive
    description:
      name: path
      sha256: db9d4f58c908a4ba5953fcee2ae317c94889433e5024c27ce74a37f94267945b
      url: "https://pub.dev"
    source: hosted
    version: "1.8.2"
  petitparser:
    dependency: transitive
    description:
      name: petitparser
      sha256: "1a914995d4ef10c94ff183528c120d35ed43b5eaa8713fc6766a9be4570782e2"
      url: "https://pub.dev"
    source: hosted
    version: "4.4.0"
  platform:
    dependency: transitive
    description:
      name: platform
      sha256: "4a451831508d7d6ca779f7ac6e212b4023dd5a7d08a27a63da33756410e32b76"
      url: "https://pub.dev"
    source: hosted
    version: "3.1.0"
  plugin_platform_interface:
    dependency: transitive
    description:
      name: plugin_platform_interface
      sha256: dbf0f707c78beedc9200146ad3cb0ab4d5da13c246336987be6940f026500d3a
      url: "https://pub.dev"
    source: hosted
    version: "2.1.3"
  process:
    dependency: transitive
    description:
      name: process
      sha256: "53fd8db9cec1d37b0574e12f07520d582019cb6c44abf5479a01505099a34a09"
      url: "https://pub.dev"
    source: hosted
    version: "4.2.4"
  sky_engine:
    dependency: transitive
    description: flutter
    source: sdk
    version: "0.0.99"
  source_span:
    dependency: transitive
    description:
      name: source_span
      sha256: dd904f795d4b4f3b870833847c461801f6750a9fa8e61ea5ac53f9422b31f250
      url: "https://pub.dev"
    source: hosted
    version: "1.9.1"
  stack_trace:
    dependency: transitive
    description:
      name: stack_trace
      sha256: c3c7d8edb15bee7f0f74debd4b9c5f3c2ea86766fe4178eb2a18eb30a0bdaed5
      url: "https://pub.dev"
    source: hosted
    version: "1.11.0"
  stream_channel:
    dependency: transitive
    description:
      name: stream_channel
      sha256: "83615bee9045c1d322bbbd1ba209b7a749c2cbcdcb3fdd1df8eb488b3279c1c8"
      url: "https://pub.dev"
    source: hosted
    version: "2.1.1"
  string_scanner:
    dependency: transitive
    description:
      name: string_scanner
      sha256: "556692adab6cfa87322a115640c11f13cb77b3f076ddcc5d6ae3c20242bedcde"
      url: "https://pub.dev"
    source: hosted
    version: "1.2.0"
  term_glyph:
    dependency: transitive
    description:
      name: term_glyph
      sha256: a29248a84fbb7c79282b40b8c72a1209db169a2e0542bce341da992fe1bc7e84
      url: "https://pub.dev"
    source: hosted
    version: "1.2.1"
  test_api:
    dependency: transitive
    description:
      name: test_api
      sha256: ad540f65f92caa91bf21dfc8ffb8c589d6e4dc0c2267818b4cc2792857706206
      url: "https://pub.dev"
    source: hosted
    version: "0.4.16"
  timezone:
    dependency: transitive
    description:
      name: timezone
      sha256: "2e59efc48e9f684c327c0498ac0b81411aee18b10c82f2db2c08f7f052493569"
      url: "https://pub.dev"
    source: hosted
    version: "0.9.0"
  typed_data:
    dependency: transitive
    description:
      name: typed_data
      sha256: "53bdf7e979cfbf3e28987552fd72f637e63f3c8724c9e56d9246942dc2fa36ee"
      url: "https://pub.dev"
    source: hosted
    version: "1.3.0"
  vector_math:
    dependency: transitive
    description:
      name: vector_math
      sha256: "80b3257d1492ce4d091729e3a67a60407d227c27241d6927be0130c98e741803"
      url: "https://pub.dev"
    source: hosted
    version: "2.1.4"
  xdg_directories:
    dependency: transitive
    description:
      name: xdg_directories
      sha256: "11541eedefbcaec9de35aa82650b695297ce668662bbd6e3911a7fabdbde589f"
      url: "https://pub.dev"
    source: hosted
    version: "0.2.0+2"
  xml:
    dependency: transitive
    description:
      name: xml
      sha256: baa23bcba1ba4ce4b22c0c7a1d9c861e7015cb5169512676da0b85138e72840c
      url: "https://pub.dev"
    source: hosted
    version: "5.3.1"
sdks:
  dart: ">=2.18.0 <3.0.0"
  flutter: ">=2.10.0"
